
Microsoft Visual Studio Solution File, Format Version 12.00
# Visual Studio Version 17
VisualStudioVersion = 17.7.34031.279
MinimumVisualStudioVersion = 10.0.40219.1
Project("{8BC9CEB8-8B4A-11D0-8D11-00A0C91BC942}") = "stfcpp", "stfcpp.vcxproj", "{EDC14255-4D6C-4F48-A8E4-73E6503DAF82}"
EndProject
Project("{2150E333-8FDC-42A3-9474-1A3956D46DE8}") = "Solution Items", "Solution Items", "{300EFC86-47D6-488C-B925-63B8BBBEE68D}"
	ProjectSection(SolutionItems) = preProject
		.gitignore = .gitignore
		README.md = README.md
	EndProjectSection
EndProject
Global
	GlobalSection(SolutionConfigurationPlatforms) = preSolution
		Debug|x64 = Debug|x64
		Debug|x86 = Debug|x86
		Release|x64 = Release|x64
		Release|x86 = Release|x86
	EndGlobalSection
	GlobalSection(ProjectConfigurationPlatforms) = postSolution
		{EDC14255-4D6C-4F48-A8E4-73E6503DAF82}.Debug|x64.ActiveCfg = Debug|x64
		{EDC14255-4D6C-4F48-A8E4-73E6503DAF82}.Debug|x64.Build.0 = Debug|x64
		{EDC14255-4D6C-4F48-A8E4-73E6503DAF82}.Debug|x86.ActiveCfg = Debug|Win32
		{EDC14255-4D6C-4F48-A8E4-73E6503DAF82}.Debug|x86.Build.0 = Debug|Win32
		{EDC14255-4D6C-4F48-A8E4-73E6503DAF82}.Release|x64.ActiveCfg = Release|x64
		{EDC14255-4D6C-4F48-A8E4-73E6503DAF82}.Release|x64.Build.0 = Release|x64
		{EDC14255-4D6C-4F48-A8E4-73E6503DAF82}.Release|x86.ActiveCfg = Release|Win32
		{EDC14255-4D6C-4F48-A8E4-73E6503DAF82}.Release|x86.Build.0 = Release|Win32
	EndGlobalSection
	GlobalSection(SolutionProperties) = preSolution
		HideSolutionNode = FALSE
	EndGlobalSection
	GlobalSection(ExtensibilityGlobals) = postSolution
		SolutionGuid = {3DD9D762-70DD-4907-92D9-70C60D9A9214}
	EndGlobalSection
EndGlobal
